// !$*UTF8*$!
{
	archiveVersion = 1;
	classes = {
	};
	objectVersion = 77;
	objects = {

/* Begin PBXContainerItemProxy section */
		97E0256F2EBCAF1C006583D9 /* PBXContainerItemProxy */ = {
			isa = PBXContainerItemProxy;
			containerPortal = 97E025562EBCAF1A006583D9 /* Project object */;
			proxyType = 1;
			remoteGlobalIDString = 97E0255D2EBCAF1A006583D9;
			remoteInfo = Microtask;
		};
		97E025792EBCAF1C006583D9 /* PBXContainerItemProxy */ = {
			isa = PBXContainerItemProxy;
			containerPortal = 97E025562EBCAF1A006583D9 /* Project object */;
			proxyType = 1;
			remoteGlobalIDString = 97E0255D2EBCAF1A006583D9;
			remoteInfo = Microtask;
		};
/* End PBXContainerItemProxy section */

/* Begin PBXFileReference section */
		97E0255E2EBCAF1A006583D9 /* Microtask.app */ = {isa = PBXFileReference; explicitFileType = wrapper.application; includeInIndex = 0; path = Microtask.app; sourceTree = BUILT_PRODUCTS_DIR; };
		97E0256E2EBCAF1C006583D9 /* MicrotaskTests.xctest */ = {isa = PBXFileReference; explicitFileType = wrapper.cfbundle; includeInIndex = 0; path = MicrotaskTests.xctest; sourceTree = BUILT_PRODUCTS_DIR; };
		97E025782EBCAF1C006583D9 /* MicrotaskUITests.xctest */ = {isa = PBXFileReference; explicitFileType = wrapper.cfbundle; includeInIndex = 0; path = MicrotaskUITests.xctest; sourceTree = BUILT_PRODUCTS_DIR; };
/* End PBXFileReference section */

/* Begin PBXFileSystemSynchronizedRootGroup section */
		97E025602EBCAF1A006583D9 /* Microtask */ = {
			isa = PBXFileSystemSynchronizedRootGroup;
			path = Microtask;
			sourceTree = "<group>";
		};
		97E025712EBCAF1C006583D9 /* MicrotaskTests */ = {
			isa = PBXFileSystemSynchronizedRootGroup;
			path = MicrotaskTests;
			sourceTree = "<group>";
		};
		97E0257B2EBCAF1C006583D9 /* MicrotaskUITests */ = {
			isa = PBXFileSystemSynchronizedRootGroup;
			path = MicrotaskUITests;
			sourceTree = "<group>";
		};
/* End PBXFileSystemSynchronizedRootGroup section */

/* Begin PBXFrameworksBuildPhase section */
		97E0255B2EBCAF1A006583D9 /* Frameworks */ = {
			isa = PBXFrameworksBuildPhase;
			buildActionMask = 2147483647;
			files = (
			);
			runOnlyForDeploymentPostprocessing = 0;
		};
		97E0256B2EBCAF1C006583D9 /* Frameworks */ = {
			isa = PBXFrameworksBuildPhase;
			buildActionMask = 2147483647;
			files = (
			);
			runOnlyForDeploymentPostprocessing = 0;
		};
		97E025752EBCAF1C006583D9 /* Frameworks */ = {
			isa = PBXFrameworksBuildPhase;
			buildActionMask = 2147483647;
			files = (
			);
			runOnlyForDeploymentPostprocessing = 0;
		};
/* End PBXFrameworksBuildPhase section */

/* Begin PBXGroup section */
		97E025552EBCAF1A006583D9 = {
			isa = PBXGroup;
			children = (
				97E025602EBCAF1A006583D9 /* Microtask */,
				97E025712EBCAF1C006583D9 /* MicrotaskTests */,
				97E0257B2EBCAF1C006583D9 /* MicrotaskUITests */,
				97E0255F2EBCAF1A006583D9 /* Products */,
			);
			sourceTree = "<group>";
		};
		97E0255F2EBCAF1A006583D9 /* Products */ = {
			isa = PBXGroup;
			children = (
				97E0255E2EBCAF1A006583D9 /* Microtask.app */,
				97E0256E2EBCAF1C006583D9 /* MicrotaskTests.xctest */,
				97E025782EBCAF1C006583D9 /* MicrotaskUITests.xctest */,
			);
			name = Products;
			sourceTree = "<group>";
		};
/* End PBXGroup section */

/* Begin PBXNativeTarget section */
		97E0255D2EBCAF1A006583D9 /* Microtask */ = {
			isa = PBXNativeTarget;
			buildConfigurationList = 97E025822EBCAF1C006583D9 /* Build configuration list for PBXNativeTarget "Microtask" */;
			buildPhases = (
				97E0255A2EBCAF1A006583D9 /* Sources */,
				97E0255B2EBCAF1A006583D9 /* Frameworks */,
				97E0255C2EBCAF1A006583D9 /* Resources */,
			);
			buildRules = (
			);
			dependencies = (
			);
			fileSystemSynchronizedGroups = (
				97E025602EBCAF1A006583D9 /* Microtask */,
			);
			name = Microtask;
			packageProductDependencies = (
			);
			productName = Microtask;
			productReference = 97E0255E2EBCAF1A006583D9 /* Microtask.app */;
			productType = "com.apple.product-type.application";
		};
		97E0256D2EBCAF1C006583D9 /* MicrotaskTests */ = {
			isa = PBXNativeTarget;
			buildConfigurationList = 97E025852EBCAF1C006583D9 /* Build configuration list for PBXNativeTarget "MicrotaskTests" */;
			buildPhases = (
				97E0256A2EBCAF1C006583D9 /* Sources */,
				97E0256B2EBCAF1C006583D9 /* Frameworks */,
				97E0256C2EBCAF1C006583D9 /* Resources */,
			);
			buildRules = (
			);
			dependencies = (
				97E025702EBCAF1C006583D9 /* PBXTargetDependency */,
			);
			fileSystemSynchronizedGroups = (
				97E025712EBCAF1C006583D9 /* MicrotaskTests */,
			);
			name = MicrotaskTests;
			packageProductDependencies = (
			);
			productName = MicrotaskTests;
			productReference = 97E0256E2EBCAF1C006583D9 /* MicrotaskTests.xctest */;
			productType = "com.apple.product-type.bundle.unit-test";
		};
		97E025772EBCAF1C006583D9 /* MicrotaskUITests */ = {
			isa = PBXNativeTarget;
			buildConfigurationList = 97E025882EBCAF1C006583D9 /* Build configuration list for PBXNativeTarget "MicrotaskUITests" */;
			buildPhases = (
				97E025742EBCAF1C006583D9 /* Sources */,
				97E025752EBCAF1C006583D9 /* Frameworks */,
				97E025762EBCAF1C006583D9 /* Resources */,
			);
			buildRules = (
			);
			dependencies = (
				97E0257A2EBCAF1C006583D9 /* PBXTargetDependency */,
			);
			fileSystemSynchronizedGroups = (
				97E0257B2EBCAF1C006583D9 /* MicrotaskUITests */,
			);
			name = MicrotaskUITests;
			packageProductDependencies = (
			);
			productName = MicrotaskUITests;
			productReference = 97E025782EBCAF1C006583D9 /* MicrotaskUITests.xctest */;
			productType = "com.apple.product-type.bundle.ui-testing";
		};
/* End PBXNativeTarget section */

/* Begin PBXProject section */
		97E025562EBCAF1A006583D9 /* Project object */ = {
			isa = PBXProject;
			attributes = {
				BuildIndependentTargetsInParallel = 1;
				LastSwiftUpdateCheck = 1640;
				LastUpgradeCheck = 1640;
				TargetAttributes = {
					97E0255D2EBCAF1A006583D9 = {
						CreatedOnToolsVersion = 16.4;
					};
					97E0256D2EBCAF1C006583D9 = {
						CreatedOnToolsVersion = 16.4;
						TestTargetID = 97E0255D2EBCAF1A006583D9;
					};
					97E025772EBCAF1C006583D9 = {
						CreatedOnToolsVersion = 16.4;
						TestTargetID = 97E0255D2EBCAF1A006583D9;
					};
				};
			};
			buildConfigurationList = 97E025592EBCAF1A006583D9 /* Build configuration list for PBXProject "Microtask" */;
			developmentRegion = en;
			hasScannedForEncodings = 0;
			knownRegions = (
				en,
				Base,
			);
			mainGroup = 97E025552EBCAF1A006583D9;
			minimizedProjectReferenceProxies = 1;
			preferredProjectObjectVersion = 77;
			productRefGroup = 97E0255F2EBCAF1A006583D9 /* Products */;
			projectDirPath = "";
			projectRoot = "";
			targets = (
				97E0255D2EBCAF1A006583D9 /* Microtask */,
				97E0256D2EBCAF1C006583D9 /* MicrotaskTests */,
				97E025772EBCAF1C006583D9 /* MicrotaskUITests */,
			);
		};
/* End PBXProject section */

/* Begin PBXResourcesBuildPhase section */
		97E0255C2EBCAF1A006583D9 /* Resources */ = {
			isa = PBXResourcesBuildPhase;
			buildActionMask = 2147483647;
			files = (
			);
			runOnlyForDeploymentPostprocessing = 0;
		};
		97E0256C2EBCAF1C006583D9 /* Resources */ = {
			isa = PBXResourcesBuildPhase;
			buildActionMask = 2147483647;
			files = (
			);
			runOnlyForDeploymentPostprocessing = 0;
		};
		97E025762EBCAF1C006583D9 /* Resources */ = {
			isa = PBXResourcesBuildPhase;
			buildActionMask = 2147483647;
			files = (
			);
			runOnlyForDeploymentPostprocessing = 0;
		};
/* End PBXResourcesBuildPhase section */

/* Begin PBXSourcesBuildPhase section */
		97E0255A2EBCAF1A006583D9 /* Sources */ = {
			isa = PBXSourcesBuildPhase;
			buildActionMask = 2147483647;
			files = (
			);
			runOnlyForDeploymentPostprocessing = 0;
		};
		97E0256A2EBCAF1C006583D9 /* Sources */ = {
			isa = PBXSourcesBuildPhase;
			buildActionMask = 2147483647;
			files = (
			);
			runOnlyForDeploymentPostprocessing = 0;
		};
		97E025742EBCAF1C006583D9 /* Sources */ = {
			isa = PBXSourcesBuildPhase;
			buildActionMask = 2147483647;
			files = (
			);
			runOnlyForDeploymentPostprocessing = 0;
		};
/* End PBXSourcesBuildPhase section */

/* Begin PBXTargetDependency section */
		97E025702EBCAF1C006583D9 /* PBXTargetDependency */ = {
			isa = PBXTargetDependency;
			target = 97E0255D2EBCAF1A006583D9 /* Microtask */;
			targetProxy = 97E0256F2EBCAF1C006583D9 /* PBXContainerItemProxy */;
		};
		97E0257A2EBCAF1C006583D9 /* PBXTargetDependency */ = {
			isa = PBXTargetDependency;
			target = 97E0255D2EBCAF1A006583D9 /* Microtask */;
			targetProxy = 97E025792EBCAF1C006583D9 /* PBXContainerItemProxy */;
		};
/* End PBXTargetDependency section */

/* Begin XCBuildConfiguration section */
		97E025802EBCAF1C006583D9 /* Debug */ = {
			isa = XCBuildConfiguration;
			buildSettings = {
				ALWAYS_SEARCH_USER_PATHS = NO;
				ASSETCATALOG_COMPILER_GENERATE_SWIFT_ASSET_SYMBOL_EXTENSIONS = YES;
				CLANG_ANALYZER_NONNULL = YES;
				CLANG_ANALYZER_NUMBER_OBJECT_CONVERSION = YES_AGGRESSIVE;
				CLANG_CXX_LANGUAGE_STANDARD = "gnu++20";
				CLANG_ENABLE_MODULES = YES;
				CLANG_ENABLE_OBJC_ARC = YES;
				CLANG_ENABLE_OBJC_WEAK = YES;
				CLANG_WARN_BLOCK_CAPTURE_AUTORELEASING = YES;
				CLANG_WARN_BOOL_CONVERSION = YES;
				CLANG_WARN_COMMA = YES;
				CLANG_WARN_CONSTANT_CONVERSION = YES;
				CLANG_WARN_DEPRECATED_OBJC_IMPLEMENTATIONS = YES;
				CLANG_WARN_DIRECT_OBJC_ISA_USAGE = YES_ERROR;
				CLANG_WARN_DOCUMENTATION_COMMENTS = YES;
				CLANG_WARN_EMPTY_BODY = YES;
				CLANG_WARN_ENUM_CONVERSION = YES;
				CLANG_WARN_INFINITE_RECURSION = YES;
				CLANG_WARN_INT_CONVERSION = YES;
				CLANG_WARN_NON_LITERAL_NULL_CONVERSION = YES;
				CLANG_WARN_OBJC_IMPLICIT_RETAIN_SELF = YES;
				CLANG_WARN_OBJC_LITERAL_CONVERSION = YES;
				CLANG_WARN_OBJC_ROOT_CLASS = YES_ERROR;
				CLANG_WARN_QUOTED_INCLUDE_IN_FRAMEWORK_HEADER = YES;
				CLANG_WARN_RANGE_LOOP_ANALYSIS = YES;
				CLANG_WARN_STRICT_PROTOTYPES = YES;
				CLANG_WARN_SUSPICIOUS_MOVE = YES;
				CLANG_WARN_UNGUARDED_AVAILABILITY = YES_AGGRESSIVE;
				CLANG_WARN_UNREACHABLE_CODE = YES;
				CLANG_WARN__DUPLICATE_METHOD_MATCH = YES;
				COPY_PHASE_STRIP = NO;
				DEBUG_INFORMATION_FORMAT = dwarf;
				DEVELOPMENT_TEAM = F5PC84GW85;
				ENABLE_STRICT_OBJC_MSGSEND = YES;
				ENABLE_TESTABILITY = YES;
				ENABLE_USER_SCRIPT_SANDBOXING = YES;
				GCC_C_LANGUAGE_STANDARD = gnu17;
				GCC_DYNAMIC_NO_PIC = NO;
				GCC_NO_COMMON_BLOCKS = YES;
				GCC_OPTIMIZATION_LEVEL = 0;
				GCC_PREPROCESSOR_DEFINITIONS = (
					"DEBUG=1",
					"$(inherited)",
				);
				GCC_WARN_64_TO_32_BIT_CONVERSION = YES;
				GCC_WARN_ABOUT_RETURN_TYPE = YES_ERROR;
				GCC_WARN_UNDECLARED_SELECTOR = YES;
				GCC_WARN_UNINITIALIZED_AUTOS = YES_AGGRESSIVE;
				GCC_WARN_UNUSED_FUNCTION = YES;
				GCC_WARN_UNUSED_VARIABLE = YES;
				LOCALIZATION_PREFERS_STRING_CATALOGS = YES;
				MACOSX_DEPLOYMENT_TARGET = 15.5;
				MTL_ENABLE_DEBUG_INFO = INCLUDE_SOURCE;
				MTL_FAST_MATH = YES;
				ONLY_ACTIVE_ARCH = YES;
				SDKROOT = macosx;
				SWIFT_ACTIVE_COMPILATION_CONDITIONS = "DEBUG $(inherited)";
				SWIFT_OPTIMIZATION_LEVEL = "-Onone";
			};
			name = Debug;
		};
		97E025812EBCAF1C006583D9 /* Release */ = {
			isa = XCBuildConfiguration;
			buildSettings = {
				ALWAYS_SEARCH_USER_PATHS = NO;
				ASSETCATALOG_COMPILER_GENERATE_SWIFT_ASSET_SYMBOL_EXTENSIONS = YES;
				CLANG_ANALYZER_NONNULL = YES;
				CLANG_ANALYZER_NUMBER_OBJECT_CONVERSION = YES_AGGRESSIVE;
				CLANG_CXX_LANGUAGE_STANDARD = "gnu++20";
				CLANG_ENABLE_MODULES = YES;
				CLANG_ENABLE_OBJC_ARC = YES;
				CLANG_ENABLE_OBJC_WEAK = YES;
				CLANG_WARN_BLOCK_CAPTURE_AUTORELEASING = YES;
				CLANG_WARN_BOOL_CONVERSION = YES;
				CLANG_WARN_COMMA = YES;
				CLANG_WARN_CONSTANT_CONVERSION = YES;
				CLANG_WARN_DEPRECATED_OBJC_IMPLEMENTATIONS = YES;
				CLANG_WARN_DIRECT_OBJC_ISA_USAGE = YES_ERROR;
				CLANG_WARN_DOCUMENTATION_COMMENTS = YES;
				CLANG_WARN_EMPTY_BODY = YES;
				CLANG_WARN_ENUM_CONVERSION = YES;
				CLANG_WARN_INFINITE_RECURSION = YES;
				CLANG_WARN_INT_CONVERSION = YES;
				CLANG_WARN_NON_LITERAL_NULL_CONVERSION = YES;
				CLANG_WARN_OBJC_IMPLICIT_RETAIN_SELF = YES;
				CLANG_WARN_OBJC_LITERAL_CONVERSION = YES;
				CLANG_WARN_OBJC_ROOT_CLASS = YES_ERROR;
				CLANG_WARN_QUOTED_INCLUDE_IN_FRAMEWORK_HEADER = YES;
				CLANG_WARN_RANGE_LOOP_ANALYSIS = YES;
				CLANG_WARN_STRICT_PROTOTYPES = YES;
				CLANG_WARN_SUSPICIOUS_MOVE = YES;
				CLANG_WARN_UNGUARDED_AVAILABILITY = YES_AGGRESSIVE;
				CLANG_WARN_UNREACHABLE_CODE = YES;
				CLANG_WARN__DUPLICATE_METHOD_MATCH = YES;
				COPY_PHASE_STRIP = NO;
				DEBUG_INFORMATION_FORMAT = "dwarf-with-dsym";
				DEVELOPMENT_TEAM = F5PC84GW85;
				ENABLE_NS_ASSERTIONS = NO;
				ENABLE_STRICT_OBJC_MSGSEND = YES;
				ENABLE_USER_SCRIPT_SANDBOXING = YES;
				GCC_C_LANGUAGE_STANDARD = gnu17;
				GCC_NO_COMMON_BLOCKS = YES;
				GCC_WARN_64_TO_32_BIT_CONVERSION = YES;
				GCC_WARN_ABOUT_RETURN_TYPE = YES_ERROR;
				GCC_WARN_UNDECLARED_SELECTOR = YES;
				GCC_WARN_UNINITIALIZED_AUTOS = YES_AGGRESSIVE;
				GCC_WARN_UNUSED_FUNCTION = YES;
				GCC_WARN_UNUSED_VARIABLE = YES;
				LOCALIZATION_PREFERS_STRING_CATALOGS = YES;
				MACOSX_DEPLOYMENT_TARGET = 15.5;
				MTL_ENABLE_DEBUG_INFO = NO;
				MTL_FAST_MATH = YES;
				SDKROOT = macosx;
				SWIFT_COMPILATION_MODE = wholemodule;
			};
			name = Release;
		};
		97E025832EBCAF1C006583D9 /* Debug */ = {
			isa = XCBuildConfiguration;
			buildSettings = {
				ASSETCATALOG_COMPILER_APPICON_NAME = AppIcon;
				ASSETCATALOG_COMPILER_GLOBAL_ACCENT_COLOR_NAME = AccentColor;
				CODE_SIGN_ENTITLEMENTS = Microtask/Microtask.entitlements;
				CODE_SIGN_STYLE = Automatic;
				COMBINE_HIDPI_IMAGES = YES;
				CURRENT_PROJECT_VERSION = 1;
				DEVELOPMENT_TEAM = F5PC84GW85;
				ENABLE_HARDENED_RUNTIME = YES;
				ENABLE_PREVIEWS = YES;
				GENERATE_INFOPLIST_FILE = YES;
				INFOPLIST_KEY_NSHumanReadableCopyright = "";
				LD_RUNPATH_SEARCH_PATHS = (
					"$(inherited)",
					"@executable_path/../Frameworks",
				);
				MACOSX_DEPLOYMENT_TARGET = 14.0;
				MARKETING_VERSION = 1.0;
				PRODUCT_BUNDLE_IDENTIFIER = com.cleverClosure.Microtask;
				PRODUCT_NAME = "$(TARGET_NAME)";
				REGISTER_APP_GROUPS = YES;
				SWIFT_EMIT_LOC_STRINGS = YES;
				SWIFT_VERSION = 5.0;
			};
			name = Debug;
		};
		97E025842EBCAF1C006583D9 /* Release */ = {
			isa = XCBuildConfiguration;
			buildSettings = {
				ASSETCATALOG_COMPILER_APPICON_NAME = AppIcon;
				ASSETCATALOG_COMPILER_GLOBAL_ACCENT_COLOR_NAME = AccentColor;
				CODE_SIGN_ENTITLEMENTS = Microtask/Microtask.entitlements;
				CODE_SIGN_STYLE = Automatic;
				COMBINE_HIDPI_IMAGES = YES;
				CURRENT_PROJECT_VERSION = 1;
				DEVELOPMENT_TEAM = F5PC84GW85;
				ENABLE_HARDENED_RUNTIME = YES;
				ENABLE_PREVIEWS = YES;
				GENERATE_INFOPLIST_FILE = YES;
				INFOPLIST_KEY_NSHumanReadableCopyright = "";
				LD_RUNPATH_SEARCH_PATHS = (
					"$(inherited)",
					"@executable_path/../Frameworks",
				);
				MACOSX_DEPLOYMENT_TARGET = 14.0;
				MARKETING_VERSION = 1.0;
				PRODUCT_BUNDLE_IDENTIFIER = com.cleverClosure.Microtask;
				PRODUCT_NAME = "$(TARGET_NAME)";
				REGISTER_APP_GROUPS = YES;
				SWIFT_EMIT_LOC_STRINGS = YES;
				SWIFT_VERSION = 5.0;
			};
			name = Release;
		};
		97E025862EBCAF1C006583D9 /* Debug */ = {
			isa = XCBuildConfiguration;
			buildSettings = {
				BUNDLE_LOADER = "$(TEST_HOST)";
				CODE_SIGN_STYLE = Automatic;
				CURRENT_PROJECT_VERSION = 1;
				DEVELOPMENT_TEAM = F5PC84GW85;
				GENERATE_INFOPLIST_FILE = YES;
				MACOSX_DEPLOYMENT_TARGET = 14.0;
				MARKETING_VERSION = 1.0;
				PRODUCT_BUNDLE_IDENTIFIER = com.cleverClosure.MicrotaskTests;
				PRODUCT_NAME = "$(TARGET_NAME)";
				SWIFT_EMIT_LOC_STRINGS = NO;
				SWIFT_VERSION = 5.0;
				TEST_HOST = "$(BUILT_PRODUCTS_DIR)/Microtask.app/$(BUNDLE_EXECUTABLE_FOLDER_PATH)/Microtask";
			};
			name = Debug;
		};
		97E025872EBCAF1C006583D9 /* Release */ = {
			isa = XCBuildConfiguration;
			buildSettings = {
				BUNDLE_LOADER = "$(TEST_HOST)";
				CODE_SIGN_STYLE = Automatic;
				CURRENT_PROJECT_VERSION = 1;
				DEVELOPMENT_TEAM = F5PC84GW85;
				GENERATE_INFOPLIST_FILE = YES;
				MACOSX_DEPLOYMENT_TARGET = 14.0;
				MARKETING_VERSION = 1.0;
				PRODUCT_BUNDLE_IDENTIFIER = com.cleverClosure.MicrotaskTests;
				PRODUCT_NAME = "$(TARGET_NAME)";
				SWIFT_EMIT_LOC_STRINGS = NO;
				SWIFT_VERSION = 5.0;
				TEST_HOST = "$(BUILT_PRODUCTS_DIR)/Microtask.app/$(BUNDLE_EXECUTABLE_FOLDER_PATH)/Microtask";
			};
			name = Release;
		};
		97E025892EBCAF1C006583D9 /* Debug */ = {
			isa = XCBuildConfiguration;
			buildSettings = {
				CODE_SIGN_STYLE = Automatic;
				CURRENT_PROJECT_VERSION = 1;
				DEVELOPMENT_TEAM = F5PC84GW85;
				GENERATE_INFOPLIST_FILE = YES;
				MARKETING_VERSION = 1.0;
				PRODUCT_BUNDLE_IDENTIFIER = com.cleverClosure.MicrotaskUITests;
				PRODUCT_NAME = "$(TARGET_NAME)";
				SWIFT_EMIT_LOC_STRINGS = NO;
				SWIFT_VERSION = 5.0;
				TEST_TARGET_NAME = Microtask;
			};
			name = Debug;
		};
		97E0258A2EBCAF1C006583D9 /* Release */ = {
			isa = XCBuildConfiguration;
			buildSettings = {
				CODE_SIGN_STYLE = Automatic;
				CURRENT_PROJECT_VERSION = 1;
				DEVELOPMENT_TEAM = F5PC84GW85;
				GENERATE_INFOPLIST_FILE = YES;
				MARKETING_VERSION = 1.0;
				PRODUCT_BUNDLE_IDENTIFIER = com.cleverClosure.MicrotaskUITests;
				PRODUCT_NAME = "$(TARGET_NAME)";
				SWIFT_EMIT_LOC_STRINGS = NO;
				SWIFT_VERSION = 5.0;
				TEST_TARGET_NAME = Microtask;
			};
			name = Release;
		};
/* End XCBuildConfiguration section */

/* Begin XCConfigurationList section */
		97E025592EBCAF1A006583D9 /* Build configuration list for PBXProject "Microtask" */ = {
			isa = XCConfigurationList;
			buildConfigurations = (
				97E025802EBCAF1C006583D9 /* Debug */,
				97E025812EBCAF1C006583D9 /* Release */,
			);
			defaultConfigurationIsVisible = 0;
			defaultConfigurationName = Release;
		};
		97E025822EBCAF1C006583D9 /* Build configuration list for PBXNativeTarget "Microtask" */ = {
			isa = XCConfigurationList;
			buildConfigurations = (
				97E025832EBCAF1C006583D9 /* Debug */,
				97E025842EBCAF1C006583D9 /* Release */,
			);
			defaultConfigurationIsVisible = 0;
			defaultConfigurationName = Release;
		};
		97E025852EBCAF1C006583D9 /* Build configuration list for PBXNativeTarget "MicrotaskTests" */ = {
			isa = XCConfigurationList;
			buildConfigurations = (
				97E025862EBCAF1C006583D9 /* Debug */,
				97E025872EBCAF1C006583D9 /* Release */,
			);
			defaultConfigurationIsVisible = 0;
			defaultConfigurationName = Release;
		};
		97E025882EBCAF1C006583D9 /* Build configuration list for PBXNativeTarget "MicrotaskUITests" */ = {
			isa = XCConfigurationList;
			buildConfigurations = (
				97E025892EBCAF1C006583D9 /* Debug */,
				97E0258A2EBCAF1C006583D9 /* Release */,
			);
			defaultConfigurationIsVisible = 0;
			defaultConfigurationName = Release;
		};
/* End XCConfigurationList section */
	};
	rootObject = 97E025562EBCAF1A006583D9 /* Project object */;
}
